
Microsoft Visual Studio Solution File, Format Version 12.00
# Visual Studio 2012
Project("{FAE04EC0-301F-11D3-BF4B-00C04F79EFBC}") = "Youtube.Downloader", "Youtube.Downloader\Youtube.Downloader.csproj", "{7376C6B5-6016-4802-B9FE-828044633939}"
EndProject
Project("{FAE04EC0-301F-11D3-BF4B-00C04F79EFBC}") = "Youtube.Downloader.Tests", "Youtube.Downloader.Tests\Youtube.Downloader.Tests.csproj", "{628F0749-7B46-45F9-84BB-8DC042532546}"
EndProject
Project("{FAE04EC0-301F-11D3-BF4B-00C04F79EFBC}") = "Youtube.Downloader.Console", "Youtube.Downloader.Console\Youtube.Downloader.Console.csproj", "{424AB8BC-7C07-4469-A333-F7DA431A65D8}"
EndProject
Global
	GlobalSection(SolutionConfigurationPlatforms) = preSolution
		Debug|Any CPU = Debug|Any CPU
		Release|Any CPU = Release|Any CPU
	EndGlobalSection
	GlobalSection(ProjectConfigurationPlatforms) = postSolution
		{7376C6B5-6016-4802-B9FE-828044633939}.Debug|Any CPU.ActiveCfg = Debug|Any CPU
		{7376C6B5-6016-4802-B9FE-828044633939}.Debug|Any CPU.Build.0 = Debug|Any CPU
		{7376C6B5-6016-4802-B9FE-828044633939}.Release|Any CPU.ActiveCfg = Release|Any CPU
		{7376C6B5-6016-4802-B9FE-828044633939}.Release|Any CPU.Build.0 = Release|Any CPU
		{628F0749-7B46-45F9-84BB-8DC042532546}.Debug|Any CPU.ActiveCfg = Debug|Any CPU
		{628F0749-7B46-45F9-84BB-8DC042532546}.Debug|Any CPU.Build.0 = Debug|Any CPU
		{628F0749-7B46-45F9-84BB-8DC042532546}.Release|Any CPU.ActiveCfg = Release|Any CPU
		{628F0749-7B46-45F9-84BB-8DC042532546}.Release|Any CPU.Build.0 = Release|Any CPU
		{424AB8BC-7C07-4469-A333-F7DA431A65D8}.Debug|Any CPU.ActiveCfg = Debug|Any CPU
		{424AB8BC-7C07-4469-A333-F7DA431A65D8}.Debug|Any CPU.Build.0 = Debug|Any CPU
		{424AB8BC-7C07-4469-A333-F7DA431A65D8}.Release|Any CPU.ActiveCfg = Release|Any CPU
		{424AB8BC-7C07-4469-A333-F7DA431A65D8}.Release|Any CPU.Build.0 = Release|Any CPU
	EndGlobalSection
	GlobalSection(SolutionProperties) = preSolution
		HideSolutionNode = FALSE
	EndGlobalSection
EndGlobal
